
Microsoft Visual Studio Solution File, Format Version 12.00
# Visual Studio Version 16
VisualStudioVersion = 16.0.30225.117
MinimumVisualStudioVersion = 10.0.40219.1
Project("{FAE04EC0-301F-11D3-BF4B-00C04F79EFBC}") = "switch_case", "switch_case\switch_case.csproj", "{5E0CDB6F-05C0-4E12-A341-CA13B46F4B1E}"
EndProject
Global
	GlobalSection(SolutionConfigurationPlatforms) = preSolution
		Debug|Any CPU = Debug|Any CPU
		Release|Any CPU = Release|Any CPU
	EndGlobalSection
	GlobalSection(ProjectConfigurationPlatforms) = postSolution
		{5E0CDB6F-05C0-4E12-A341-CA13B46F4B1E}.Debug|Any CPU.ActiveCfg = Debug|Any CPU
		{5E0CDB6F-05C0-4E12-A341-CA13B46F4B1E}.Debug|Any CPU.Build.0 = Debug|Any CPU
		{5E0CDB6F-05C0-4E12-A341-CA13B46F4B1E}.Release|Any CPU.ActiveCfg = Release|Any CPU
		{5E0CDB6F-05C0-4E12-A341-CA13B46F4B1E}.Release|Any CPU.Build.0 = Release|Any CPU
	EndGlobalSection
	GlobalSection(SolutionProperties) = preSolution
		HideSolutionNode = FALSE
	EndGlobalSection
	GlobalSection(ExtensibilityGlobals) = postSolution
		SolutionGuid = {008C9386-57EE-4481-A441-C2BD757BA389}
	EndGlobalSection
EndGlobal
